
Microsoft Visual Studio Solution File, Format Version 12.00
# Visual Studio Version 17
VisualStudioVersion = 17.1.32421.90
MinimumVisualStudioVersion = 10.0.40219.1
Project("{9A19103F-16F7-4668-BE54-9A1E7A4F7556}") = "TRG.Models", "TRG.Models\TRG.Models.csproj", "{4A45619E-5AA6-493C-B6E2-63B6852515C4}"
EndProject
Project("{9A19103F-16F7-4668-BE54-9A1E7A4F7556}") = "TRG.FileHandler", "TRG.FileHandler\TRG.FileHandler.csproj", "{373DB2EF-3532-455F-9DD0-73ED99C4E456}"
EndProject
Project("{9A19103F-16F7-4668-BE54-9A1E7A4F7556}") = "TRG.InputHandler", "InputHandler\TRG.InputHandler.csproj", "{0DF041B5-8EA3-4CF8-994D-0D7E05612584}"
EndProject
Project("{FAE04EC0-301F-11D3-BF4B-00C04F79EFBC}") = "TRG.InputHandler.Tests", "TRG.InputHandler.Tests\TRG.InputHandler.Tests.csproj", "{8B84246A-9656-4036-89B5-41AA7C63678A}"
EndProject
Global
	GlobalSection(SolutionConfigurationPlatforms) = preSolution
		Debug|Any CPU = Debug|Any CPU
		Release|Any CPU = Release|Any CPU
	EndGlobalSection
	GlobalSection(ProjectConfigurationPlatforms) = postSolution
		{4A45619E-5AA6-493C-B6E2-63B6852515C4}.Debug|Any CPU.ActiveCfg = Debug|Any CPU
		{4A45619E-5AA6-493C-B6E2-63B6852515C4}.Debug|Any CPU.Build.0 = Debug|Any CPU
		{4A45619E-5AA6-493C-B6E2-63B6852515C4}.Release|Any CPU.ActiveCfg = Release|Any CPU
		{4A45619E-5AA6-493C-B6E2-63B6852515C4}.Release|Any CPU.Build.0 = Release|Any CPU
		{373DB2EF-3532-455F-9DD0-73ED99C4E456}.Debug|Any CPU.ActiveCfg = Debug|Any CPU
		{373DB2EF-3532-455F-9DD0-73ED99C4E456}.Debug|Any CPU.Build.0 = Debug|Any CPU
		{373DB2EF-3532-455F-9DD0-73ED99C4E456}.Release|Any CPU.ActiveCfg = Release|Any CPU
		{373DB2EF-3532-455F-9DD0-73ED99C4E456}.Release|Any CPU.Build.0 = Release|Any CPU
		{0DF041B5-8EA3-4CF8-994D-0D7E05612584}.Debug|Any CPU.ActiveCfg = Debug|Any CPU
		{0DF041B5-8EA3-4CF8-994D-0D7E05612584}.Debug|Any CPU.Build.0 = Debug|Any CPU
		{0DF041B5-8EA3-4CF8-994D-0D7E05612584}.Release|Any CPU.ActiveCfg = Release|Any CPU
		{0DF041B5-8EA3-4CF8-994D-0D7E05612584}.Release|Any CPU.Build.0 = Release|Any CPU
		{8B84246A-9656-4036-89B5-41AA7C63678A}.Debug|Any CPU.ActiveCfg = Debug|Any CPU
		{8B84246A-9656-4036-89B5-41AA7C63678A}.Debug|Any CPU.Build.0 = Debug|Any CPU
		{8B84246A-9656-4036-89B5-41AA7C63678A}.Release|Any CPU.ActiveCfg = Release|Any CPU
		{8B84246A-9656-4036-89B5-41AA7C63678A}.Release|Any CPU.Build.0 = Release|Any CPU
	EndGlobalSection
	GlobalSection(SolutionProperties) = preSolution
		HideSolutionNode = FALSE
	EndGlobalSection
	GlobalSection(ExtensibilityGlobals) = postSolution
		SolutionGuid = {AD96E967-AC4A-4081-BCD5-8113489BB211}
	EndGlobalSection
EndGlobal
